github.com/s3rj1k/go-fanotify/fanotify v0.0.0-20240229202106-bca3154da60a h1:4VFls9SuqkqeioVevnaeTXrYKQ7JiEsxqKHfxp+/ovA=
github.com/s3rj1k/go-fanotify/fanotify v0.0.0-20240229202106-bca3154da60a/go.mod h1:2zG1g57bc+D6FpNc68gsRXJgkidteqTMhWiiUP3m8UE=
golang.org/x/sys v0.28.0 h1:Fksou7UEQUWlKvIdsqzJmUmCX3cZuD2+P3XyyzwMhlA=
golang.org/x/sys v0.28.0/go.mod h1:/VUhepiaJMQUp4+oa/7Zr1D23ma6VTLIYjOOTFZPUcA=
